<?xml version="1.0" encoding="utf-8"?>
<Project ToolsVersion="4.0" xmlns="http://schemas.microsoft.com/developer/msbuild/2003">
  <ItemGroup>
    <Filter Include="Core">
      <UniqueIdentifier>{4eaec3c5-759b-4645-87fa-67ac341eab3f}</UniqueIdentifier>
    </Filter>
    <Filter Include="Main">
      <UniqueIdentifier>{ece3af2a-3f8d-442c-a762-b18be421153c}</UniqueIdentifier>
    </Filter>
    <Filter Include="pch">
      <UniqueIdentifier>{d74df9d0-ad2d-4f3b-ae69-b3740b6c1f27}</UniqueIdentifier>
    </Filter>
  </ItemGroup>
  <ItemGroup>
    <ClCompile Include="IOCPStudy.cpp">
      <Filter>Main</Filter>
    </ClCompile>
    <ClCompile Include="pch.cpp">
      <Filter>pch</Filter>
    </ClCompile>
    <ClCompile Include="IOCPserver.cpp">
      <Filter>Core</Filter>
    </ClCompile>
    <ClCompile Include="ClientInfo.cpp">
      <Filter>Core</Filter>
    </ClCompile>
    <ClCompile Include="EchoServer.cpp">
      <Filter>Main</Filter>
    </ClCompile>
    <ClCompile Include="Packet.cpp">
      <Filter>Main</Filter>
    </ClCompile>
  </ItemGroup>
  <ItemGroup>
    <ClInclude Include="pch.h">
      <Filter>pch</Filter>
    </ClInclude>
    <ClInclude Include="IOCPserver.h">
      <Filter>Core</Filter>
    </ClInclude>
    <ClInclude Include="ClientInfo.h">
      <Filter>Core</Filter>
    </ClInclude>
    <ClInclude Include="EchoServer.h">
      <Filter>Main</Filter>
    </ClInclude>
    <ClInclude Include="Packet.h">
      <Filter>Main</Filter>
    </ClInclude>
  </ItemGroup>
</Project>